
Microsoft Visual Studio Solution File, Format Version 12.00
# Visual Studio Version 16
VisualStudioVersion = 16.0.30804.86
MinimumVisualStudioVersion = 10.0.40219.1
Project("{FAE04EC0-301F-11D3-BF4B-00C04F79EFBC}") = "PasswordlessAuthentication", "PasswordlessAuthentication.csproj", "{87447843-2F3B-46AC-9F1B-0A64435E4949}"
EndProject
Global
	GlobalSection(SolutionConfigurationPlatforms) = preSolution
		Debug|Any CPU = Debug|Any CPU
		Release|Any CPU = Release|Any CPU
	EndGlobalSection
	GlobalSection(ProjectConfigurationPlatforms) = postSolution
		{87447843-2F3B-46AC-9F1B-0A64435E4949}.Debug|Any CPU.ActiveCfg = Debug|Any CPU
		{87447843-2F3B-46AC-9F1B-0A64435E4949}.Debug|Any CPU.Build.0 = Debug|Any CPU
		{87447843-2F3B-46AC-9F1B-0A64435E4949}.Release|Any CPU.ActiveCfg = Release|Any CPU
		{87447843-2F3B-46AC-9F1B-0A64435E4949}.Release|Any CPU.Build.0 = Release|Any CPU
	EndGlobalSection
	GlobalSection(SolutionProperties) = preSolution
		HideSolutionNode = FALSE
	EndGlobalSection
	GlobalSection(ExtensibilityGlobals) = postSolution
		SolutionGuid = {1890DC0F-6A8E-4D50-BF10-47C97DBCD345}
	EndGlobalSection
EndGlobal
